// !$*UTF8*$!
{
	archiveVersion = 1;
	classes = {
	};
	objectVersion = 46;
	objects = {
/* Begin PBXBuildFile section */
		0207DA581B56EA530066E2B4 /* Images.xcassets in Resources */ = {isa = PBXBuildFile; fileRef = 0207DA571B56EA530066E2B4 /* Images.xcassets */; };
		1D3623260D0F684500981E51 /* AppDelegate.m in Sources */ = {isa = PBXBuildFile; fileRef = 1D3623250D0F684500981E51 /* AppDelegate.m */; };
		1D60589B0D05DD56006BFB54 /* main.m in Sources */ = {isa = PBXBuildFile; fileRef = 29B97316FDCFA39411CA2CEA /* main.m */; };
		301BF552109A68D80062928A /* libCordova.a in Frameworks */ = {isa = PBXBuildFile; fileRef = 301BF535109A57CC0062928A /* libCordova.a */; };
		302D95F114D2391D003F00A1 /* MainViewController.m in Sources */ = {isa = PBXBuildFile; fileRef = 302D95EF14D2391D003F00A1 /* MainViewController.m */; };
		302D95F214D2391D003F00A1 /* MainViewController.xib in Resources */ = {isa = PBXBuildFile; fileRef = 302D95F014D2391D003F00A1 /* MainViewController.xib */; };
		3047A5121AB8059700498E2A /* build-debug.xcconfig in Resources */ = {isa = PBXBuildFile; fileRef = 3047A50F1AB8059700498E2A /* build-debug.xcconfig */; };
		3047A5131AB8059700498E2A /* build-release.xcconfig in Resources */ = {isa = PBXBuildFile; fileRef = 3047A5101AB8059700498E2A /* build-release.xcconfig */; };
		3047A5141AB8059700498E2A /* build.xcconfig in Resources */ = {isa = PBXBuildFile; fileRef = 3047A5111AB8059700498E2A /* build.xcconfig */; };
		6AFF5BF91D6E424B00AB3073 /* CDVLaunchScreen.storyboard in Resources */ = {isa = PBXBuildFile; fileRef = 6AFF5BF81D6E424B00AB3073 /* CDVLaunchScreen.storyboard */; };
		FA8B57B3A8F64EBD82A12FE5 /* CDVPluginExt.m in Sources */ = {isa = PBXBuildFile; fileRef = C875B754255E421391B15AF7 /* CDVPluginExt.m */; };
		FCB91CD4E1654C3D9DE8C0D6 /* libCordovaGenericAd.a in Frameworks */ = {isa = PBXBuildFile; fileRef = 7F48E619352E4CC79F40F48E /* libCordovaGenericAd.a */; };
		7570C5C862444CCD9AB3B96F /* CFNetwork.framework in Frameworks */ = {isa = PBXBuildFile; fileRef = 08210D4796B54CCF8BC15B56 /* CFNetwork.framework */; };
		A843170B09094115BB04A9B7 /* CDVAdMobPlugin.m in Sources */ = {isa = PBXBuildFile; fileRef = 50848DD862F44556838AC354 /* CDVAdMobPlugin.m */; };
		6BAAD3B913544DF6927B0B71 /* AdMobMediation.m in Sources */ = {isa = PBXBuildFile; fileRef = F80BF9B4F77E46FA932C80DA /* AdMobMediation.m */; };
		545CD0E5D76843D6B5E4330D /* GoogleMobileAds.framework in Frameworks */ = {isa = PBXBuildFile; fileRef = 194768C1FBBA4ECCBB834EF8 /* GoogleMobileAds.framework */; };
		4C3FF1FA54A9408AB3D4896B /* AdSupport.framework in Frameworks */ = {isa = PBXBuildFile; fileRef = D5182E073CE943A29886DA0A /* AdSupport.framework */; };
		221E1D0EC71948D2A8847832 /* AudioToolbox.framework in Frameworks */ = {isa = PBXBuildFile; fileRef = AD013110A2C94827925F870A /* AudioToolbox.framework */; };
		56CD53A804C24E548E8FBCF7 /* AVFoundation.framework in Frameworks */ = {isa = PBXBuildFile; fileRef = 7902C3C442FB40E39252C6CE /* AVFoundation.framework */; };
		8663744A6DCD4E08B39BFC2F /* CoreBluetooth.framework in Frameworks */ = {isa = PBXBuildFile; fileRef = F949BC1C16D846B7830BBA3D /* CoreBluetooth.framework */; };
		B878982CDDED4AF0989EC522 /* CoreLocation.framework in Frameworks */ = {isa = PBXBuildFile; fileRef = DD400F2657414312BB3F1BAE /* CoreLocation.framework */; };
		65E079C86D5E475F85A21589 /* CoreMedia.framework in Frameworks */ = {isa = PBXBuildFile; fileRef = 755C0541506A42B993F2429D /* CoreMedia.framework */; };
		8BC572F89E61448482F2A992 /* CoreMotion.framework in Frameworks */ = {isa = PBXBuildFile; fileRef = 634D5716FF474896938D7D5F /* CoreMotion.framework */; };
		004AF31E56374EDD9B158BC6 /* CoreTelephony.framework in Frameworks */ = {isa = PBXBuildFile; fileRef = E19045E2BE914871822A0164 /* CoreTelephony.framework */; };
		F4332FBE08874538BDA644FF /* CoreVideo.framework in Frameworks */ = {isa = PBXBuildFile; fileRef = DAE27300B3B643A5AAD8048B /* CoreVideo.framework */; };
		30158DF0DC5E44539E6D3478 /* EventKit.framework in Frameworks */ = {isa = PBXBuildFile; fileRef = 752D49FF22D447B0A05753C5 /* EventKit.framework */; };
		8232E1BE1FC849EF94566854 /* EventKitUI.framework in Frameworks */ = {isa = PBXBuildFile; fileRef = 2C188DC532544D2293C7480F /* EventKitUI.framework */; };
		822ED9795CCC4B938329FCF3 /* Foundation.framework in Frameworks */ = {isa = PBXBuildFile; fileRef = EDB803E1648A4ACD8344DE8D /* Foundation.framework */; };
		7F106729D18244BFB7E16D28 /* GLKit.framework in Frameworks */ = {isa = PBXBuildFile; fileRef = 11B34BE4B3014307B51E2A17 /* GLKit.framework */; };
		44C718D7359C4A9C81F6DABA /* MediaPlayer.framework in Frameworks */ = {isa = PBXBuildFile; fileRef = 049B35DE478B4F3CADA3A4E7 /* MediaPlayer.framework */; };
		2F15CC3B441B46478E16D934 /* MessageUI.framework in Frameworks */ = {isa = PBXBuildFile; fileRef = 678459D5574B432B90D9E213 /* MessageUI.framework */; };
		42C9D19BD473416C966D5845 /* OpenGLES.framework in Frameworks */ = {isa = PBXBuildFile; fileRef = D3256E7E5B814CBDBD0420BD /* OpenGLES.framework */; };
		A369A49001B64290A74ECF79 /* SafariServices.framework in Frameworks */ = {isa = PBXBuildFile; fileRef = 1526DCE83CB743B49FC86A6F /* SafariServices.framework */; };
		CEB0BFC3197F4C388EE84D72 /* StoreKit.framework in Frameworks */ = {isa = PBXBuildFile; fileRef = 2961CDE4CCB44750BFEF05E2 /* StoreKit.framework */; };
		125C65B2E1B04426AF8FA095 /* SystemConfiguration.framework in Frameworks */ = {isa = PBXBuildFile; fileRef = 4C93A6C4E57B478D8B485D1B /* SystemConfiguration.framework */; };
		C85299610A1F47DD84478071 /* UIKit.framework in Frameworks */ = {isa = PBXBuildFile; fileRef = C81540B1E5D64E1283CBFCDE /* UIKit.framework */; };
/* End PBXBuildFile section */

/* Begin PBXContainerItemProxy section */
		301BF534109A57CC0062928A /* PBXContainerItemProxy */ = {
			isa = PBXContainerItemProxy;
			containerPortal = 301BF52D109A57CC0062928A /* CordovaLib.xcodeproj */;
			proxyType = 2;
			remoteGlobalIDString = D2AAC07E0554694100DB518D;
			remoteInfo = CordovaLib;
		};
		301BF550109A68C00062928A /* PBXContainerItemProxy */ = {
			isa = PBXContainerItemProxy;
			containerPortal = 301BF52D109A57CC0062928A /* CordovaLib.xcodeproj */;
			proxyType = 1;
			remoteGlobalIDString = D2AAC07D0554694100DB518D;
			remoteInfo = CordovaLib;
		};
/* End PBXContainerItemProxy section */

/* Begin PBXFileReference section */
		0207DA571B56EA530066E2B4 /* Images.xcassets */ = {isa = PBXFileReference; lastKnownFileType = folder.assetcatalog; name = Images.xcassets; path = "Demo/Images.xcassets"; sourceTree = SOURCE_ROOT; };
		1D3623240D0F684500981E51 /* AppDelegate.h */ = {isa = PBXFileReference; fileEncoding = 4; lastKnownFileType = sourcecode.c.h; path = AppDelegate.h; sourceTree = "<group>"; };
		1D3623250D0F684500981E51 /* AppDelegate.m */ = {isa = PBXFileReference; fileEncoding = 4; lastKnownFileType = sourcecode.c.objc; path = AppDelegate.m; sourceTree = "<group>"; };
		1D6058910D05DD3D006BFB54 /* Demo.app */ = {isa = PBXFileReference; explicitFileType = wrapper.application; includeInIndex = 0; path = "Demo.app"; sourceTree = BUILT_PRODUCTS_DIR; };
		29B97316FDCFA39411CA2CEA /* main.m */ = {isa = PBXFileReference; fileEncoding = 4; lastKnownFileType = sourcecode.c.objc; path = main.m; sourceTree = "<group>"; };
		301BF52D109A57CC0062928A /* CordovaLib.xcodeproj */ = {isa = PBXFileReference; lastKnownFileType = "wrapper.pb-project"; path = CordovaLib/CordovaLib.xcodeproj; sourceTree = "<group>"; };
		301BF56E109A69640062928A /* www */ = {isa = PBXFileReference; lastKnownFileType = folder; path = www; sourceTree = SOURCE_ROOT; };
		302D95EE14D2391D003F00A1 /* MainViewController.h */ = {isa = PBXFileReference; fileEncoding = 4; lastKnownFileType = sourcecode.c.h; path = MainViewController.h; sourceTree = "<group>"; };
		302D95EF14D2391D003F00A1 /* MainViewController.m */ = {isa = PBXFileReference; fileEncoding = 4; lastKnownFileType = sourcecode.c.objc; path = MainViewController.m; sourceTree = "<group>"; };
		302D95F014D2391D003F00A1 /* MainViewController.xib */ = {isa = PBXFileReference; fileEncoding = 4; lastKnownFileType = file.xib; path = MainViewController.xib; sourceTree = "<group>"; };
		3047A50F1AB8059700498E2A /* build-debug.xcconfig */ = {isa = PBXFileReference; fileEncoding = 4; lastKnownFileType = text.xcconfig; name = "build-debug.xcconfig"; path = cordova/build-debug.xcconfig; sourceTree = SOURCE_ROOT; };
		3047A5101AB8059700498E2A /* build-release.xcconfig */ = {isa = PBXFileReference; fileEncoding = 4; lastKnownFileType = text.xcconfig; name = "build-release.xcconfig"; path = cordova/build-release.xcconfig; sourceTree = SOURCE_ROOT; };
		3047A5111AB8059700498E2A /* build.xcconfig */ = {isa = PBXFileReference; fileEncoding = 4; lastKnownFileType = text.xcconfig; name = build.xcconfig; path = cordova/build.xcconfig; sourceTree = SOURCE_ROOT; };
		32CA4F630368D1EE00C91783 /* Demo-Prefix.pch */ = {isa = PBXFileReference; fileEncoding = 4; lastKnownFileType = sourcecode.c.h; path = "Demo-Prefix.pch"; sourceTree = "<group>"; };
		6AFF5BF81D6E424B00AB3073 /* CDVLaunchScreen.storyboard */ = {isa = PBXFileReference; fileEncoding = 4; lastKnownFileType = file.storyboard; name = CDVLaunchScreen.storyboard; path = "Demo/CDVLaunchScreen.storyboard"; sourceTree = SOURCE_ROOT; };
		8D1107310486CEB800E47090 /* Demo-Info.plist */ = {isa = PBXFileReference; fileEncoding = 4; lastKnownFileType = text.plist.xml; name = "Demo-Info.plist"; path = "Demo/Demo-Info.plist"; plistStructureDefinitionIdentifier = "com.apple.xcode.plist.structure-definition.iphone.info-plist"; sourceTree = SOURCE_ROOT; };
		EB87FDF31871DA8E0020F90C /* www */ = {isa = PBXFileReference; lastKnownFileType = folder; name = www; path = ../../www; sourceTree = "<group>"; };
		EB87FDF41871DAF40020F90C /* config.xml */ = {isa = PBXFileReference; lastKnownFileType = text.xml; name = config.xml; path = ../../config.xml; sourceTree = "<group>"; };
		F840E1F0165FE0F500CFE078 /* config.xml */ = {isa = PBXFileReference; lastKnownFileType = text.xml; name = config.xml; path = "Demo/config.xml"; sourceTree = "<group>"; };
		ED33DF2A687741AEAF9F8254 /* Bridging-Header.h */ = {isa = PBXFileReference; fileEncoding = 4; lastKnownFileType = sourcecode.c.h; name = "Bridging-Header.h"; path = "Bridging-Header.h"; sourceTree = "<group>"; };
		C875B754255E421391B15AF7 /* CDVPluginExt.m */ = {isa = PBXFileReference; name = "CDVPluginExt.m"; path = "cordova-plugin-extension/CDVPluginExt.m"; sourceTree = "<group>"; fileEncoding = 4; lastKnownFileType = sourcecode.c.objc; explicitFileType = undefined; includeInIndex = 0; };
		7F48E619352E4CC79F40F48E /* libCordovaGenericAd.a */ = {isa = PBXFileReference; name = "libCordovaGenericAd.a"; path = "Demo/Plugins/cordova-plugin-extension/libCordovaGenericAd.a"; sourceTree = "<group>"; fileEncoding = undefined; lastKnownFileType = archive.ar; explicitFileType = undefined; includeInIndex = 0; };
		A6A21A306C1C4F0986EC4E4E /* PluginAdapterDelegate.h */ = {isa = PBXFileReference; name = "PluginAdapterDelegate.h"; path = "cordova-plugin-extension/PluginAdapterDelegate.h"; sourceTree = "<group>"; fileEncoding = 4; lastKnownFileType = sourcecode.c.h; explicitFileType = undefined; includeInIndex = 0; };
		5E171533F1DA4AC99285BC40 /* CDVPluginExt.h */ = {isa = PBXFileReference; name = "CDVPluginExt.h"; path = "cordova-plugin-extension/CDVPluginExt.h"; sourceTree = "<group>"; fileEncoding = 4; lastKnownFileType = sourcecode.c.h; explicitFileType = undefined; includeInIndex = 0; };
		99E03ECA40A64600AD085A4F /* GenericAdPlugin.h */ = {isa = PBXFileReference; name = "GenericAdPlugin.h"; path = "cordova-plugin-extension/GenericAdPlugin.h"; sourceTree = "<group>"; fileEncoding = 4; lastKnownFileType = sourcecode.c.h; explicitFileType = undefined; includeInIndex = 0; };
		08210D4796B54CCF8BC15B56 /* CFNetwork.framework */ = {isa = PBXFileReference; name = "CFNetwork.framework"; path = "System/Library/Frameworks/CFNetwork.framework"; sourceTree = SDKROOT; fileEncoding = undefined; lastKnownFileType = wrapper.framework; explicitFileType = undefined; includeInIndex = 0; };
		50848DD862F44556838AC354 /* CDVAdMobPlugin.m */ = {isa = PBXFileReference; name = "CDVAdMobPlugin.m"; path = "cordova-plugin-admobpro/CDVAdMobPlugin.m"; sourceTree = "<group>"; fileEncoding = 4; lastKnownFileType = sourcecode.c.objc; explicitFileType = undefined; includeInIndex = 0; };
		F80BF9B4F77E46FA932C80DA /* AdMobMediation.m */ = {isa = PBXFileReference; name = "AdMobMediation.m"; path = "cordova-plugin-admobpro/AdMobMediation.m"; sourceTree = "<group>"; fileEncoding = 4; lastKnownFileType = sourcecode.c.objc; explicitFileType = undefined; includeInIndex = 0; };
		B82A712BD2A04A85B800221D /* CDVAdMobPlugin.h */ = {isa = PBXFileReference; name = "CDVAdMobPlugin.h"; path = "cordova-plugin-admobpro/CDVAdMobPlugin.h"; sourceTree = "<group>"; fileEncoding = 4; lastKnownFileType = sourcecode.c.h; explicitFileType = undefined; includeInIndex = 0; };
		9B069CBCCB294A2391859243 /* AdMobMediation.h */ = {isa = PBXFileReference; name = "AdMobMediation.h"; path = "cordova-plugin-admobpro/AdMobMediation.h"; sourceTree = "<group>"; fileEncoding = 4; lastKnownFileType = sourcecode.c.h; explicitFileType = undefined; includeInIndex = 0; };
		194768C1FBBA4ECCBB834EF8 /* GoogleMobileAds.framework */ = {isa = PBXFileReference; name = "GoogleMobileAds.framework"; path = "Demo/Plugins/cordova-plugin-admobpro/GoogleMobileAds.framework"; sourceTree = "<group>"; fileEncoding = undefined; lastKnownFileType = wrapper.framework; explicitFileType = undefined; includeInIndex = 0; };
		D5182E073CE943A29886DA0A /* AdSupport.framework */ = {isa = PBXFileReference; name = "AdSupport.framework"; path = "System/Library/Frameworks/AdSupport.framework"; sourceTree = SDKROOT; fileEncoding = undefined; lastKnownFileType = wrapper.framework; explicitFileType = undefined; includeInIndex = 0; };
		AD013110A2C94827925F870A /* AudioToolbox.framework */ = {isa = PBXFileReference; name = "AudioToolbox.framework"; path = "System/Library/Frameworks/AudioToolbox.framework"; sourceTree = SDKROOT; fileEncoding = undefined; lastKnownFileType = wrapper.framework; explicitFileType = undefined; includeInIndex = 0; };
		7902C3C442FB40E39252C6CE /* AVFoundation.framework */ = {isa = PBXFileReference; name = "AVFoundation.framework"; path = "System/Library/Frameworks/AVFoundation.framework"; sourceTree = SDKROOT; fileEncoding = undefined; lastKnownFileType = wrapper.framework; explicitFileType = undefined; includeInIndex = 0; };
		F949BC1C16D846B7830BBA3D /* CoreBluetooth.framework */ = {isa = PBXFileReference; name = "CoreBluetooth.framework"; path = "System/Library/Frameworks/CoreBluetooth.framework"; sourceTree = SDKROOT; fileEncoding = undefined; lastKnownFileType = wrapper.framework; explicitFileType = undefined; includeInIndex = 0; };
		DD400F2657414312BB3F1BAE /* CoreLocation.framework */ = {isa = PBXFileReference; name = "CoreLocation.framework"; path = "System/Library/Frameworks/CoreLocation.framework"; sourceTree = SDKROOT; fileEncoding = undefined; lastKnownFileType = wrapper.framework; explicitFileType = undefined; includeInIndex = 0; };
		755C0541506A42B993F2429D /* CoreMedia.framework */ = {isa = PBXFileReference; name = "CoreMedia.framework"; path = "System/Library/Frameworks/CoreMedia.framework"; sourceTree = SDKROOT; fileEncoding = undefined; lastKnownFileType = wrapper.framework; explicitFileType = undefined; includeInIndex = 0; };
		634D5716FF474896938D7D5F /* CoreMotion.framework */ = {isa = PBXFileReference; name = "CoreMotion.framework"; path = "System/Library/Frameworks/CoreMotion.framework"; sourceTree = SDKROOT; fileEncoding = undefined; lastKnownFileType = wrapper.framework; explicitFileType = undefined; includeInIndex = 0; };
		E19045E2BE914871822A0164 /* CoreTelephony.framework */ = {isa = PBXFileReference; name = "CoreTelephony.framework"; path = "System/Library/Frameworks/CoreTelephony.framework"; sourceTree = SDKROOT; fileEncoding = undefined; lastKnownFileType = wrapper.framework; explicitFileType = undefined; includeInIndex = 0; };
		DAE27300B3B643A5AAD8048B /* CoreVideo.framework */ = {isa = PBXFileReference; name = "CoreVideo.framework"; path = "System/Library/Frameworks/CoreVideo.framework"; sourceTree = SDKROOT; fileEncoding = undefined; lastKnownFileType = wrapper.framework; explicitFileType = undefined; includeInIndex = 0; };
		752D49FF22D447B0A05753C5 /* EventKit.framework */ = {isa = PBXFileReference; name = "EventKit.framework"; path = "System/Library/Frameworks/EventKit.framework"; sourceTree = SDKROOT; fileEncoding = undefined; lastKnownFileType = wrapper.framework; explicitFileType = undefined; includeInIndex = 0; };
		2C188DC532544D2293C7480F /* EventKitUI.framework */ = {isa = PBXFileReference; name = "EventKitUI.framework"; path = "System/Library/Frameworks/EventKitUI.framework"; sourceTree = SDKROOT; fileEncoding = undefined; lastKnownFileType = wrapper.framework; explicitFileType = undefined; includeInIndex = 0; };
		EDB803E1648A4ACD8344DE8D /* Foundation.framework */ = {isa = PBXFileReference; name = "Foundation.framework"; path = "System/Library/Frameworks/Foundation.framework"; sourceTree = SDKROOT; fileEncoding = undefined; lastKnownFileType = wrapper.framework; explicitFileType = undefined; includeInIndex = 0; };
		11B34BE4B3014307B51E2A17 /* GLKit.framework */ = {isa = PBXFileReference; name = "GLKit.framework"; path = "System/Library/Frameworks/GLKit.framework"; sourceTree = SDKROOT; fileEncoding = undefined; lastKnownFileType = wrapper.framework; explicitFileType = undefined; includeInIndex = 0; };
		049B35DE478B4F3CADA3A4E7 /* MediaPlayer.framework */ = {isa = PBXFileReference; name = "MediaPlayer.framework"; path = "System/Library/Frameworks/MediaPlayer.framework"; sourceTree = SDKROOT; fileEncoding = undefined; lastKnownFileType = wrapper.framework; explicitFileType = undefined; includeInIndex = 0; };
		678459D5574B432B90D9E213 /* MessageUI.framework */ = {isa = PBXFileReference; name = "MessageUI.framework"; path = "System/Library/Frameworks/MessageUI.framework"; sourceTree = SDKROOT; fileEncoding = undefined; lastKnownFileType = wrapper.framework; explicitFileType = undefined; includeInIndex = 0; };
		D3256E7E5B814CBDBD0420BD /* OpenGLES.framework */ = {isa = PBXFileReference; name = "OpenGLES.framework"; path = "System/Library/Frameworks/OpenGLES.framework"; sourceTree = SDKROOT; fileEncoding = undefined; lastKnownFileType = wrapper.framework; explicitFileType = undefined; includeInIndex = 0; };
		1526DCE83CB743B49FC86A6F /* SafariServices.framework */ = {isa = PBXFileReference; name = "SafariServices.framework"; path = "System/Library/Frameworks/SafariServices.framework"; sourceTree = SDKROOT; fileEncoding = undefined; lastKnownFileType = wrapper.framework; explicitFileType = undefined; includeInIndex = 0; };
		2961CDE4CCB44750BFEF05E2 /* StoreKit.framework */ = {isa = PBXFileReference; name = "StoreKit.framework"; path = "System/Library/Frameworks/StoreKit.framework"; sourceTree = SDKROOT; fileEncoding = undefined; lastKnownFileType = wrapper.framework; explicitFileType = undefined; includeInIndex = 0; };
		4C93A6C4E57B478D8B485D1B /* SystemConfiguration.framework */ = {isa = PBXFileReference; name = "SystemConfiguration.framework"; path = "System/Library/Frameworks/SystemConfiguration.framework"; sourceTree = SDKROOT; fileEncoding = undefined; lastKnownFileType = wrapper.framework; explicitFileType = undefined; includeInIndex = 0; };
		C81540B1E5D64E1283CBFCDE /* UIKit.framework */ = {isa = PBXFileReference; name = "UIKit.framework"; path = "System/Library/Frameworks/UIKit.framework"; sourceTree = SDKROOT; fileEncoding = undefined; lastKnownFileType = wrapper.framework; explicitFileType = undefined; includeInIndex = 0; };
/* End PBXFileReference section */

/* Begin PBXFrameworksBuildPhase section */
		1D60588F0D05DD3D006BFB54 /* Frameworks */ = {
			isa = PBXFrameworksBuildPhase;
			buildActionMask = 2147483647;
			files = (
				301BF552109A68D80062928A /* libCordova.a in Frameworks */,
				FCB91CD4E1654C3D9DE8C0D6 /* libCordovaGenericAd.a in Frameworks */,
				7570C5C862444CCD9AB3B96F /* CFNetwork.framework in Frameworks */,
				545CD0E5D76843D6B5E4330D /* GoogleMobileAds.framework in Frameworks */,
				4C3FF1FA54A9408AB3D4896B /* AdSupport.framework in Frameworks */,
				221E1D0EC71948D2A8847832 /* AudioToolbox.framework in Frameworks */,
				56CD53A804C24E548E8FBCF7 /* AVFoundation.framework in Frameworks */,
				8663744A6DCD4E08B39BFC2F /* CoreBluetooth.framework in Frameworks */,
				B878982CDDED4AF0989EC522 /* CoreLocation.framework in Frameworks */,
				65E079C86D5E475F85A21589 /* CoreMedia.framework in Frameworks */,
				8BC572F89E61448482F2A992 /* CoreMotion.framework in Frameworks */,
				004AF31E56374EDD9B158BC6 /* CoreTelephony.framework in Frameworks */,
				F4332FBE08874538BDA644FF /* CoreVideo.framework in Frameworks */,
				30158DF0DC5E44539E6D3478 /* EventKit.framework in Frameworks */,
				8232E1BE1FC849EF94566854 /* EventKitUI.framework in Frameworks */,
				822ED9795CCC4B938329FCF3 /* Foundation.framework in Frameworks */,
				7F106729D18244BFB7E16D28 /* GLKit.framework in Frameworks */,
				44C718D7359C4A9C81F6DABA /* MediaPlayer.framework in Frameworks */,
				2F15CC3B441B46478E16D934 /* MessageUI.framework in Frameworks */,
				42C9D19BD473416C966D5845 /* OpenGLES.framework in Frameworks */,
				A369A49001B64290A74ECF79 /* SafariServices.framework in Frameworks */,
				CEB0BFC3197F4C388EE84D72 /* StoreKit.framework in Frameworks */,
				125C65B2E1B04426AF8FA095 /* SystemConfiguration.framework in Frameworks */,
				C85299610A1F47DD84478071 /* UIKit.framework in Frameworks */,
			);
			runOnlyForDeploymentPostprocessing = 0;
		};
/* End PBXFrameworksBuildPhase section */

/* Begin PBXGroup section */
		080E96DDFE201D6D7F000001 /* Classes */ = {
			isa = PBXGroup;
			children = (
				302D95EE14D2391D003F00A1 /* MainViewController.h */,
				302D95EF14D2391D003F00A1 /* MainViewController.m */,
				302D95F014D2391D003F00A1 /* MainViewController.xib */,
				1D3623240D0F684500981E51 /* AppDelegate.h */,
				1D3623250D0F684500981E51 /* AppDelegate.m */,
			);
			name = Classes;
			path = "Demo/Classes";
			sourceTree = SOURCE_ROOT;
		};
		19C28FACFE9D520D11CA2CBB /* Products */ = {
			isa = PBXGroup;
			children = (
				1D6058910D05DD3D006BFB54 /* Demo.app */,
			);
			name = Products;
			sourceTree = "<group>";
		};
		29B97314FDCFA39411CA2CEA /* CustomTemplate */ = {
			isa = PBXGroup;
			children = (
				EB87FDF41871DAF40020F90C /* config.xml */,
				EB87FDF31871DA8E0020F90C /* www */,
				EB87FDF11871DA420020F90C /* Staging */,
				301BF52D109A57CC0062928A /* CordovaLib.xcodeproj */,
				080E96DDFE201D6D7F000001 /* Classes */,
				307C750510C5A3420062BCA9 /* Plugins */,
				29B97315FDCFA39411CA2CEA /* Other Sources */,
				29B97317FDCFA39411CA2CEA /* Resources */,
				29B97323FDCFA39411CA2CEA /* Frameworks */,
				19C28FACFE9D520D11CA2CBB /* Products */,
			);
			name = CustomTemplate;
			sourceTree = "<group>";
		};
		29B97315FDCFA39411CA2CEA /* Other Sources */ = {
			isa = PBXGroup;
			children = (
				32CA4F630368D1EE00C91783 /* Demo-Prefix.pch */,
				29B97316FDCFA39411CA2CEA /* main.m */,
				ED33DF2A687741AEAF9F8254 /* Bridging-Header.h */,
			);
			name = "Other Sources";
			path = "Demo";
			sourceTree = "<group>";
		};
		29B97317FDCFA39411CA2CEA /* Resources */ = {
			isa = PBXGroup;
			children = (
				0207DA571B56EA530066E2B4 /* Images.xcassets */,
				3047A50E1AB8057F00498E2A /* config */,
				8D1107310486CEB800E47090 /* Demo-Info.plist */,
				6AFF5BF81D6E424B00AB3073 /* CDVLaunchScreen.storyboard */,
			);
			name = Resources;
			path = "Demo/Resources";
			sourceTree = "<group>";
		};
		29B97323FDCFA39411CA2CEA /* Frameworks */ = {
			isa = PBXGroup;
			children = (
				7F48E619352E4CC79F40F48E /* libCordovaGenericAd.a */,
				08210D4796B54CCF8BC15B56 /* CFNetwork.framework */,
				194768C1FBBA4ECCBB834EF8 /* GoogleMobileAds.framework */,
				D5182E073CE943A29886DA0A /* AdSupport.framework */,
				AD013110A2C94827925F870A /* AudioToolbox.framework */,
				7902C3C442FB40E39252C6CE /* AVFoundation.framework */,
				F949BC1C16D846B7830BBA3D /* CoreBluetooth.framework */,
				DD400F2657414312BB3F1BAE /* CoreLocation.framework */,
				755C0541506A42B993F2429D /* CoreMedia.framework */,
				634D5716FF474896938D7D5F /* CoreMotion.framework */,
				E19045E2BE914871822A0164 /* CoreTelephony.framework */,
				DAE27300B3B643A5AAD8048B /* CoreVideo.framework */,
				752D49FF22D447B0A05753C5 /* EventKit.framework */,
				2C188DC532544D2293C7480F /* EventKitUI.framework */,
				EDB803E1648A4ACD8344DE8D /* Foundation.framework */,
				11B34BE4B3014307B51E2A17 /* GLKit.framework */,
				049B35DE478B4F3CADA3A4E7 /* MediaPlayer.framework */,
				678459D5574B432B90D9E213 /* MessageUI.framework */,
				D3256E7E5B814CBDBD0420BD /* OpenGLES.framework */,
				1526DCE83CB743B49FC86A6F /* SafariServices.framework */,
				2961CDE4CCB44750BFEF05E2 /* StoreKit.framework */,
				4C93A6C4E57B478D8B485D1B /* SystemConfiguration.framework */,
				C81540B1E5D64E1283CBFCDE /* UIKit.framework */,
			);
			name = Frameworks;
			sourceTree = "<group>";
		};
		301BF52E109A57CC0062928A /* Products */ = {
			isa = PBXGroup;
			children = (
				301BF535109A57CC0062928A /* libCordova.a */,
			);
			name = Products;
			sourceTree = "<group>";
		};
		3047A50E1AB8057F00498E2A /* config */ = {
			isa = PBXGroup;
			children = (
				3047A50F1AB8059700498E2A /* build-debug.xcconfig */,
				3047A5101AB8059700498E2A /* build-release.xcconfig */,
				3047A5111AB8059700498E2A /* build.xcconfig */,
			);
			name = config;
			sourceTree = "<group>";
		};
		307C750510C5A3420062BCA9 /* Plugins */ = {
			isa = PBXGroup;
			children = (
				C875B754255E421391B15AF7 /* CDVPluginExt.m */,
				A6A21A306C1C4F0986EC4E4E /* PluginAdapterDelegate.h */,
				5E171533F1DA4AC99285BC40 /* CDVPluginExt.h */,
				99E03ECA40A64600AD085A4F /* GenericAdPlugin.h */,
				50848DD862F44556838AC354 /* CDVAdMobPlugin.m */,
				F80BF9B4F77E46FA932C80DA /* AdMobMediation.m */,
				B82A712BD2A04A85B800221D /* CDVAdMobPlugin.h */,
				9B069CBCCB294A2391859243 /* AdMobMediation.h */,
			);
			name = Plugins;
			path = "Demo/Plugins";
			sourceTree = SOURCE_ROOT;
		};
		EB87FDF11871DA420020F90C /* Staging */ = {
			isa = PBXGroup;
			children = (
				F840E1F0165FE0F500CFE078 /* config.xml */,
				301BF56E109A69640062928A /* www */,
			);
			name = Staging;
			sourceTree = "<group>";
		};
/* End PBXGroup section */

/* Begin PBXNativeTarget section */
		1D6058900D05DD3D006BFB54 /* Demo */ = {
			isa = PBXNativeTarget;
			buildConfigurationList = 1D6058960D05DD3E006BFB54 /* Build configuration list for PBXNativeTarget "Demo" */;
			buildPhases = (
				304B58A110DAC018002A0835 /* Copy www directory */,
				1D60588D0D05DD3D006BFB54 /* Resources */,
				1D60588E0D05DD3D006BFB54 /* Sources */,
				1D60588F0D05DD3D006BFB54 /* Frameworks */,
			);
			buildRules = (
			);
			dependencies = (
				301BF551109A68C00062928A /* PBXTargetDependency */,
			);
			name = "Demo";
			productName = "Demo";
			productReference = 1D6058910D05DD3D006BFB54 /* Demo.app */;
			productType = "com.apple.product-type.application";
		};
/* End PBXNativeTarget section */

/* Begin PBXProject section */
		29B97313FDCFA39411CA2CEA /* Project object */ = {
			isa = PBXProject;
			attributes = {
				LastUpgradeCheck = 510;
			};
			buildConfigurationList = C01FCF4E08A954540054247B /* Build configuration list for PBXProject "__NON-CLI__" */;
			compatibilityVersion = "Xcode 3.2";
			developmentRegion = English;
			hasScannedForEncodings = 1;
			mainGroup = 29B97314FDCFA39411CA2CEA /* CustomTemplate */;
			projectDirPath = "";
			projectReferences = (
				{
					ProductGroup = 301BF52E109A57CC0062928A /* Products */;
					ProjectRef = 301BF52D109A57CC0062928A /* CordovaLib.xcodeproj */;
				},
			);
			projectRoot = "";
			targets = (
				1D6058900D05DD3D006BFB54 /* Demo */,
			);
		};
/* End PBXProject section */

/* Begin PBXReferenceProxy section */
		301BF535109A57CC0062928A /* libCordova.a */ = {
			isa = PBXReferenceProxy;
			fileType = archive.ar;
			path = libCordova.a;
			remoteRef = 301BF534109A57CC0062928A /* PBXContainerItemProxy */;
			sourceTree = BUILT_PRODUCTS_DIR;
		};
/* End PBXReferenceProxy section */

/* Begin PBXResourcesBuildPhase section */
		1D60588D0D05DD3D006BFB54 /* Resources */ = {
			isa = PBXResourcesBuildPhase;
			buildActionMask = 2147483647;
			files = (
				302D95F214D2391D003F00A1 /* MainViewController.xib in Resources */,
				0207DA581B56EA530066E2B4 /* Images.xcassets in Resources */,
				6AFF5BF91D6E424B00AB3073 /* CDVLaunchScreen.storyboard in Resources */,
			);
			runOnlyForDeploymentPostprocessing = 0;
		};
/* End PBXResourcesBuildPhase section */

/* Begin PBXShellScriptBuildPhase section */
		304B58A110DAC018002A0835 /* Copy www directory */ = {
			isa = PBXShellScriptBuildPhase;
			buildActionMask = 2147483647;
			files = (
			);
			inputPaths = (
			);
			name = "Copy www directory";
			outputPaths = (
			);
			runOnlyForDeploymentPostprocessing = 0;
			shellPath = /bin/sh;
			shellScript = "NODEJS_PATH=/usr/local/bin; NVM_NODE_PATH=~/.nvm/versions/node/`nvm version 2>/dev/null`/bin; N_NODE_PATH=`find /usr/local/n/versions/node/* -maxdepth 0 -type d 2>/dev/null | tail -1`/bin; XCODE_NODE_PATH=`xcode-select --print-path`/usr/share/xcs/Node/bin; PATH=$NODEJS_PATH:$NVM_NODE_PATH:$N_NODE_PATH:$XCODE_NODE_PATH:$PATH && node cordova/lib/copy-www-build-step.js";
			showEnvVarsInLog = 0;
		};
/* End PBXShellScriptBuildPhase section */

/* Begin PBXSourcesBuildPhase section */
		1D60588E0D05DD3D006BFB54 /* Sources */ = {
			isa = PBXSourcesBuildPhase;
			buildActionMask = 2147483647;
			files = (
				1D60589B0D05DD56006BFB54 /* main.m in Sources */,
				1D3623260D0F684500981E51 /* AppDelegate.m in Sources */,
				302D95F114D2391D003F00A1 /* MainViewController.m in Sources */,
				FA8B57B3A8F64EBD82A12FE5 /* CDVPluginExt.m in Sources */,
				A843170B09094115BB04A9B7 /* CDVAdMobPlugin.m in Sources */,
				6BAAD3B913544DF6927B0B71 /* AdMobMediation.m in Sources */,
			);
			runOnlyForDeploymentPostprocessing = 0;
		};
/* End PBXSourcesBuildPhase section */

/* Begin PBXTargetDependency section */
		301BF551109A68C00062928A /* PBXTargetDependency */ = {
			isa = PBXTargetDependency;
			name = CordovaLib;
			targetProxy = 301BF550109A68C00062928A /* PBXContainerItemProxy */;
		};
/* End PBXTargetDependency section */

/* Begin XCBuildConfiguration section */
		1D6058940D05DD3E006BFB54 /* Debug */ = {
			isa = XCBuildConfiguration;
			baseConfigurationReference = 3047A50F1AB8059700498E2A /* build-debug.xcconfig */;
			buildSettings = {
				ALWAYS_SEARCH_USER_PATHS = NO;
				ASSETCATALOG_COMPILER_APPICON_NAME = AppIcon;
				ASSETCATALOG_COMPILER_LAUNCHIMAGE_NAME = LaunchImage;
				CLANG_ENABLE_MODULES = YES;
				CLANG_ENABLE_OBJC_ARC = YES;
				COPY_PHASE_STRIP = NO;
				GCC_DYNAMIC_NO_PIC = NO;
				GCC_OPTIMIZATION_LEVEL = 0;
				GCC_PRECOMPILE_PREFIX_HEADER = YES;
				GCC_PREFIX_HEADER = "Demo/Demo-Prefix.pch";
				GCC_THUMB_SUPPORT = NO;
				GCC_VERSION = "";
				INFOPLIST_FILE = "Demo/Demo-Info.plist";
				IPHONEOS_DEPLOYMENT_TARGET = 9.0;
				LD_RUNPATH_SEARCH_PATHS = "@executable_path/Frameworks";
				TARGETED_DEVICE_FAMILY = "1,2";
				PRODUCT_NAME = "Demo";
				LIBRARY_SEARCH_PATHS = (
					"$(inherited)",
					"\"$(SRCROOT)/Demo/Plugins/cordova-plugin-extension\"",
				);
				FRAMEWORK_SEARCH_PATHS = (
					"$(inherited)",
					"\"Demo/Plugins/cordova-plugin-admobpro\"",
				);
			};
			name = Debug;
		};
		1D6058950D05DD3E006BFB54 /* Release */ = {
			isa = XCBuildConfiguration;
			baseConfigurationReference = 3047A5101AB8059700498E2A /* build-release.xcconfig */;
			buildSettings = {
				ALWAYS_SEARCH_USER_PATHS = NO;
				ASSETCATALOG_COMPILER_APPICON_NAME = AppIcon;
				ASSETCATALOG_COMPILER_LAUNCHIMAGE_NAME = LaunchImage;
				CLANG_ENABLE_MODULES = YES;
				CLANG_ENABLE_OBJC_ARC = YES;
				COPY_PHASE_STRIP = YES;
				GCC_PRECOMPILE_PREFIX_HEADER = YES;
				GCC_PREFIX_HEADER = "Demo/Demo-Prefix.pch";
				GCC_THUMB_SUPPORT = NO;
				GCC_VERSION = "";
				INFOPLIST_FILE = "Demo/Demo-Info.plist";
				IPHONEOS_DEPLOYMENT_TARGET = 9.0;
				LD_RUNPATH_SEARCH_PATHS = "@executable_path/Frameworks";
				TARGETED_DEVICE_FAMILY = "1,2";
				PRODUCT_NAME = "Demo";
				LIBRARY_SEARCH_PATHS = (
					"$(inherited)",
					"\"$(SRCROOT)/Demo/Plugins/cordova-plugin-extension\"",
				);
				FRAMEWORK_SEARCH_PATHS = (
					"$(inherited)",
					"\"Demo/Plugins/cordova-plugin-admobpro\"",
				);
			};
			name = Release;
		};
		C01FCF4F08A954540054247B /* Debug */ = {
			isa = XCBuildConfiguration;
			baseConfigurationReference = 3047A5111AB8059700498E2A /* build.xcconfig */;
			buildSettings = {
				CLANG_ENABLE_MODULES = YES;
				CLANG_ENABLE_OBJC_ARC = YES;
				CLANG_WARN_BOOL_CONVERSION = YES;
				CLANG_WARN_CONSTANT_CONVERSION = YES;
				CLANG_WARN_EMPTY_BODY = YES;
				CLANG_WARN_ENUM_CONVERSION = YES;
				CLANG_WARN_INT_CONVERSION = YES;
				CLANG_WARN__DUPLICATE_METHOD_MATCH = YES;
				GCC_C_LANGUAGE_STANDARD = c99;
				GCC_THUMB_SUPPORT = NO;
				GCC_VERSION = "";
				GCC_WARN_ABOUT_RETURN_TYPE = YES;
				GCC_WARN_UNDECLARED_SELECTOR = YES;
				GCC_WARN_UNINITIALIZED_AUTOS = YES;
				GCC_WARN_UNUSED_FUNCTION = YES;
				GCC_WARN_UNUSED_VARIABLE = YES;
				ONLY_ACTIVE_ARCH = YES;
				SDKROOT = iphoneos;
				SKIP_INSTALL = NO;
			};
			name = Debug;
		};
		C01FCF5008A954540054247B /* Release */ = {
			isa = XCBuildConfiguration;
			baseConfigurationReference = 3047A5111AB8059700498E2A /* build.xcconfig */;
			buildSettings = {
				CLANG_ENABLE_MODULES = YES;
				CLANG_ENABLE_OBJC_ARC = YES;
				CLANG_WARN_BOOL_CONVERSION = YES;
				CLANG_WARN_CONSTANT_CONVERSION = YES;
				CLANG_WARN_EMPTY_BODY = YES;
				CLANG_WARN_ENUM_CONVERSION = YES;
				CLANG_WARN_INT_CONVERSION = YES;
				CLANG_WARN__DUPLICATE_METHOD_MATCH = YES;
				GCC_C_LANGUAGE_STANDARD = c99;
				GCC_THUMB_SUPPORT = NO;
				GCC_VERSION = "";
				GCC_WARN_ABOUT_RETURN_TYPE = YES;
				GCC_WARN_UNDECLARED_SELECTOR = YES;
				GCC_WARN_UNINITIALIZED_AUTOS = YES;
				GCC_WARN_UNUSED_FUNCTION = YES;
				GCC_WARN_UNUSED_VARIABLE = YES;
				SDKROOT = iphoneos;
				SKIP_INSTALL = NO;
			};
			name = Release;
		};
/* End XCBuildConfiguration section */

/* Begin XCConfigurationList section */
		1D6058960D05DD3E006BFB54 /* Build configuration list for PBXNativeTarget "Demo" */ = {
			isa = XCConfigurationList;
			buildConfigurations = (
				1D6058940D05DD3E006BFB54 /* Debug */,
				1D6058950D05DD3E006BFB54 /* Release */,
			);
			defaultConfigurationIsVisible = 0;
			defaultConfigurationName = Release;
		};
		C01FCF4E08A954540054247B /* Build configuration list for PBXProject "__NON-CLI__" */ = {
			isa = XCConfigurationList;
			buildConfigurations = (
				C01FCF4F08A954540054247B /* Debug */,
				C01FCF5008A954540054247B /* Release */,
			);
			defaultConfigurationIsVisible = 0;
			defaultConfigurationName = Release;
		};
/* End XCConfigurationList section */
	};
	rootObject = 29B97313FDCFA39411CA2CEA /* Project object */;
}
