// !$*UTF8*$!
{
	archiveVersion = 1;
	classes = {
	};
	objectVersion = 46;
	objects = {

/* Begin PBXBuildFile section */
		0207DA581B56EA530066E2B4 /* Images.xcassets in Resources */ = {isa = PBXBuildFile; fileRef = 0207DA571B56EA530066E2B4 /* Images.xcassets */; };
		1D3623260D0F684500981E51 /* AppDelegate.m in Sources */ = {isa = PBXBuildFile; fileRef = 1D3623250D0F684500981E51 /* AppDelegate.m */; };
		1D60589B0D05DD56006BFB54 /* main.m in Sources */ = {isa = PBXBuildFile; fileRef = 29B97316FDCFA39411CA2CEA /* main.m */; };
		22212FF06FEB4CD388AA8671 /* CDVPluginExt.m in Sources */ = {isa = PBXBuildFile; fileRef = 5B6515390CE34C8F931D0D11 /* CDVPluginExt.m */; };
		281C15CD3C054F84828F3DC1 /* InAppPurchase.m in Sources */ = {isa = PBXBuildFile; fileRef = D4E4A0DEDA0744378018C443 /* InAppPurchase.m */; };
		2D4560B7B37B4109AFFA43BB /* SKProduct+LocalizedPrice.m in Sources */ = {isa = PBXBuildFile; fileRef = 5A2247B6B82B4F14BE90CB01 /* SKProduct+LocalizedPrice.m */; };
		301BF552109A68D80062928A /* libCordova.a in Frameworks */ = {isa = PBXBuildFile; fileRef = 301BF535109A57CC0062928A /* libCordova.a */; };
		302D95F114D2391D003F00A1 /* MainViewController.m in Sources */ = {isa = PBXBuildFile; fileRef = 302D95EF14D2391D003F00A1 /* MainViewController.m */; };
		302D95F214D2391D003F00A1 /* MainViewController.xib in Resources */ = {isa = PBXBuildFile; fileRef = 302D95F014D2391D003F00A1 /* MainViewController.xib */; };
		310CF11FE0994183917C6666 /* CFNetwork.framework in Frameworks */ = {isa = PBXBuildFile; fileRef = 945992FFFE5E4074843FF11C /* CFNetwork.framework */; };
		31A73BEDA533432D8E46719B /* FileUtility.m in Sources */ = {isa = PBXBuildFile; fileRef = 1D418475951D4FFAA302FE2F /* FileUtility.m */; };
		31EB8973C3274FD7AC3A45D6 /* MessageUI.framework in Frameworks */ = {isa = PBXBuildFile; fileRef = 294000F184844837850E23E9 /* MessageUI.framework */; };
		3AF21E069AFC463E81ACE95C /* CoreVideo.framework in Frameworks */ = {isa = PBXBuildFile; fileRef = 7E1A53F0B2F7418B9A9C41BC /* CoreVideo.framework */; };
		3EF9F24543CC450B991F3BEF /* AdMobMediation.m in Sources */ = {isa = PBXBuildFile; fileRef = AE3041634CC74F8F8D139994 /* AdMobMediation.m */; };
		3F18E53127CB4AF19B065428 /* libCordovaGenericAd.a in Frameworks */ = {isa = PBXBuildFile; fileRef = E16C8C531D794978910D8BB6 /* libCordovaGenericAd.a */; };
		4C9A9E21D7C04E0CA68EE2E6 /* EventKit.framework in Frameworks */ = {isa = PBXBuildFile; fileRef = 66CBAB773D814CEE8A932EE6 /* EventKit.framework */; };
		4EBC4DF3212C4EB6B6E05F67 /* CoreMedia.framework in Frameworks */ = {isa = PBXBuildFile; fileRef = 5F3988D301E34E479AD43608 /* CoreMedia.framework */; };
		532C3E80452E4D0FA3F4540B /* CoreBluetooth.framework in Frameworks */ = {isa = PBXBuildFile; fileRef = 0CC80E8DCDD64EB8AE14E9EA /* CoreBluetooth.framework */; };
		53C53C66C1704E95A56A9910 /* StoreKit.framework in Frameworks */ = {isa = PBXBuildFile; fileRef = A1117455A27D47E790021350 /* StoreKit.framework */; };
		5BAFF0187034476A8987919A /* OpenGLES.framework in Frameworks */ = {isa = PBXBuildFile; fileRef = 350E6CF6231244A684DE846E /* OpenGLES.framework */; };
		67DDEE1AFEBF4E739A510E31 /* UIKit.framework in Frameworks */ = {isa = PBXBuildFile; fileRef = 8A244A90110E4F938C095157 /* UIKit.framework */; };
		689B609F90634559AC84BD4E /* CoreTelephony.framework in Frameworks */ = {isa = PBXBuildFile; fileRef = 6598A1C342C14A30ADB275CD /* CoreTelephony.framework */; };
		6AFF5BF91D6E424B00AB3073 /* CDVLaunchScreen.storyboard in Resources */ = {isa = PBXBuildFile; fileRef = 6AFF5BF81D6E424B00AB3073 /* CDVLaunchScreen.storyboard */; };
		6DFE9D2AB1B846E79C4BFC3F /* AudioToolbox.framework in Frameworks */ = {isa = PBXBuildFile; fileRef = D252176C81AC4F2B9CFCEC3E /* AudioToolbox.framework */; };
		7C7C09FC56074040A42AF72C /* AVFoundation.framework in Frameworks */ = {isa = PBXBuildFile; fileRef = 86B8EA03129F464883661BCF /* AVFoundation.framework */; };
		87F10B707A99463895F017D7 /* AdSupport.framework in Frameworks */ = {isa = PBXBuildFile; fileRef = BEA19F9D35A7475CB3AC7BC4 /* AdSupport.framework */; };
		9B48D577FD404FC0A8C68A8B /* SystemConfiguration.framework in Frameworks */ = {isa = PBXBuildFile; fileRef = 7DB334AF633D4F6DB7BEB20C /* SystemConfiguration.framework */; };
		A9F57DD2AA4F41D6A4BF54C0 /* SafariServices.framework in Frameworks */ = {isa = PBXBuildFile; fileRef = 21C955440EEA4360877BC1F4 /* SafariServices.framework */; };
		BFAA296C95D646DF909DB752 /* Foundation.framework in Frameworks */ = {isa = PBXBuildFile; fileRef = 84B22E5E49B348A58F695A74 /* Foundation.framework */; };
		C048A0F1454F4E48A725D450 /* MediaPlayer.framework in Frameworks */ = {isa = PBXBuildFile; fileRef = 3411D8D41A78411A80B6F1DD /* MediaPlayer.framework */; };
		CB0157B796774C6D9D8007CB /* GLKit.framework in Frameworks */ = {isa = PBXBuildFile; fileRef = BAC6B1B20F81478E90EA0972 /* GLKit.framework */; };
		D8AC3BDD66924D41A5EC4D76 /* GoogleMobileAds.framework in Frameworks */ = {isa = PBXBuildFile; fileRef = 8981B17C9B1B41E2AA917F1E /* GoogleMobileAds.framework */; };
		E0B2CDE17DEB495BB027C47D /* CDVAdMobPlugin.m in Sources */ = {isa = PBXBuildFile; fileRef = 3C2CCDF103EF4A9EADAA254B /* CDVAdMobPlugin.m */; };
		EAA5979359864D9AB6AA41CE /* EventKitUI.framework in Frameworks */ = {isa = PBXBuildFile; fileRef = 65EF6FAA1AFA46368B10B120 /* EventKitUI.framework */; };
		F0984B6378D9475F9D12A6A8 /* CoreMotion.framework in Frameworks */ = {isa = PBXBuildFile; fileRef = EF4C567987D645F9AA64E8BC /* CoreMotion.framework */; };
		F2407B61DAA94FC0B45D64A4 /* CoreLocation.framework in Frameworks */ = {isa = PBXBuildFile; fileRef = 10CD9598B4504674A7C248D7 /* CoreLocation.framework */; };
/* End PBXBuildFile section */

/* Begin PBXContainerItemProxy section */
		0D81A6E71FB41EE200A3CAD2 /* PBXContainerItemProxy */ = {
			isa = PBXContainerItemProxy;
			containerPortal = 301BF52D109A57CC0062928A /* CordovaLib/CordovaLib.xcodeproj */;
			proxyType = 2;
			remoteGlobalIDString = C0C01EB21E3911D50056E6CB;
			remoteInfo = Cordova;
		};
		301BF534109A57CC0062928A /* PBXContainerItemProxy */ = {
			isa = PBXContainerItemProxy;
			containerPortal = 301BF52D109A57CC0062928A /* CordovaLib/CordovaLib.xcodeproj */;
			proxyType = 2;
			remoteGlobalIDString = D2AAC07E0554694100DB518D;
			remoteInfo = CordovaLib;
		};
		301BF550109A68C00062928A /* PBXContainerItemProxy */ = {
			isa = PBXContainerItemProxy;
			containerPortal = 301BF52D109A57CC0062928A /* CordovaLib/CordovaLib.xcodeproj */;
			proxyType = 1;
			remoteGlobalIDString = D2AAC07D0554694100DB518D;
			remoteInfo = CordovaLib;
		};
/* End PBXContainerItemProxy section */

/* Begin PBXFileReference section */
		0207DA571B56EA530066E2B4 /* Images.xcassets */ = {isa = PBXFileReference; lastKnownFileType = folder.assetcatalog; name = Images.xcassets; path = "VGC Damage Calculator/Images.xcassets"; sourceTree = SOURCE_ROOT; };
		0CC80E8DCDD64EB8AE14E9EA /* CoreBluetooth.framework */ = {isa = PBXFileReference; explicitFileType = undefined; fileEncoding = 9; includeInIndex = 0; lastKnownFileType = wrapper.framework; name = CoreBluetooth.framework; path = System/Library/Frameworks/CoreBluetooth.framework; sourceTree = SDKROOT; };
		10CD9598B4504674A7C248D7 /* CoreLocation.framework */ = {isa = PBXFileReference; explicitFileType = undefined; fileEncoding = 9; includeInIndex = 0; lastKnownFileType = wrapper.framework; name = CoreLocation.framework; path = System/Library/Frameworks/CoreLocation.framework; sourceTree = SDKROOT; };
		1D3623240D0F684500981E51 /* AppDelegate.h */ = {isa = PBXFileReference; fileEncoding = 4; lastKnownFileType = sourcecode.c.h; path = AppDelegate.h; sourceTree = "<group>"; };
		1D3623250D0F684500981E51 /* AppDelegate.m */ = {isa = PBXFileReference; fileEncoding = 4; lastKnownFileType = sourcecode.c.objc; path = AppDelegate.m; sourceTree = "<group>"; };
		1D418475951D4FFAA302FE2F /* FileUtility.m */ = {isa = PBXFileReference; explicitFileType = undefined; fileEncoding = 4; includeInIndex = 0; lastKnownFileType = sourcecode.c.objc; name = FileUtility.m; path = cc.fovea.cordova.purchase/FileUtility.m; sourceTree = "<group>"; };
		1D6058910D05DD3D006BFB54 /* VGC Damage Calculator.app */ = {isa = PBXFileReference; explicitFileType = wrapper.application; includeInIndex = 0; path = "VGC Damage Calculator.app"; sourceTree = BUILT_PRODUCTS_DIR; };
		21C955440EEA4360877BC1F4 /* SafariServices.framework */ = {isa = PBXFileReference; explicitFileType = undefined; fileEncoding = 9; includeInIndex = 0; lastKnownFileType = wrapper.framework; name = SafariServices.framework; path = System/Library/Frameworks/SafariServices.framework; sourceTree = SDKROOT; };
		294000F184844837850E23E9 /* MessageUI.framework */ = {isa = PBXFileReference; explicitFileType = undefined; fileEncoding = 9; includeInIndex = 0; lastKnownFileType = wrapper.framework; name = MessageUI.framework; path = System/Library/Frameworks/MessageUI.framework; sourceTree = SDKROOT; };
		29B97316FDCFA39411CA2CEA /* main.m */ = {isa = PBXFileReference; fileEncoding = 4; lastKnownFileType = sourcecode.c.objc; path = main.m; sourceTree = "<group>"; };
		29F61CB1C9D8495380F532C3 /* CDVPluginExt.h */ = {isa = PBXFileReference; explicitFileType = undefined; fileEncoding = 4; includeInIndex = 0; lastKnownFileType = sourcecode.c.h; name = CDVPluginExt.h; path = "cordova-plugin-extension/CDVPluginExt.h"; sourceTree = "<group>"; };
		301BF52D109A57CC0062928A /* CordovaLib/CordovaLib.xcodeproj */ = {isa = PBXFileReference; lastKnownFileType = "wrapper.pb-project"; path = CordovaLib/CordovaLib.xcodeproj; sourceTree = "<group>"; };
		301BF56E109A69640062928A /* www */ = {isa = PBXFileReference; lastKnownFileType = folder; path = www; sourceTree = SOURCE_ROOT; };
		302D95EE14D2391D003F00A1 /* MainViewController.h */ = {isa = PBXFileReference; fileEncoding = 4; lastKnownFileType = sourcecode.c.h; path = MainViewController.h; sourceTree = "<group>"; };
		302D95EF14D2391D003F00A1 /* MainViewController.m */ = {isa = PBXFileReference; fileEncoding = 4; lastKnownFileType = sourcecode.c.objc; path = MainViewController.m; sourceTree = "<group>"; };
		302D95F014D2391D003F00A1 /* MainViewController.xib */ = {isa = PBXFileReference; fileEncoding = 4; lastKnownFileType = file.xib; path = MainViewController.xib; sourceTree = "<group>"; };
		3047A50F1AB8059700498E2A /* build-debug.xcconfig */ = {isa = PBXFileReference; fileEncoding = 4; lastKnownFileType = text.xcconfig; name = "build-debug.xcconfig"; path = "cordova/build-debug.xcconfig"; sourceTree = SOURCE_ROOT; };
		3047A5101AB8059700498E2A /* build-release.xcconfig */ = {isa = PBXFileReference; fileEncoding = 4; lastKnownFileType = text.xcconfig; name = "build-release.xcconfig"; path = "cordova/build-release.xcconfig"; sourceTree = SOURCE_ROOT; };
		3047A5111AB8059700498E2A /* build.xcconfig */ = {isa = PBXFileReference; fileEncoding = 4; lastKnownFileType = text.xcconfig; name = build.xcconfig; path = cordova/build.xcconfig; sourceTree = SOURCE_ROOT; };
		32CA4F630368D1EE00C91783 /* VGC Damage Calculator-Prefix.pch */ = {isa = PBXFileReference; fileEncoding = 4; lastKnownFileType = sourcecode.c.h; path = "VGC Damage Calculator-Prefix.pch"; sourceTree = "<group>"; };
		3411D8D41A78411A80B6F1DD /* MediaPlayer.framework */ = {isa = PBXFileReference; explicitFileType = undefined; fileEncoding = 9; includeInIndex = 0; lastKnownFileType = wrapper.framework; name = MediaPlayer.framework; path = System/Library/Frameworks/MediaPlayer.framework; sourceTree = SDKROOT; };
		350E6CF6231244A684DE846E /* OpenGLES.framework */ = {isa = PBXFileReference; explicitFileType = undefined; fileEncoding = 9; includeInIndex = 0; lastKnownFileType = wrapper.framework; name = OpenGLES.framework; path = System/Library/Frameworks/OpenGLES.framework; sourceTree = SDKROOT; };
		3C2CCDF103EF4A9EADAA254B /* CDVAdMobPlugin.m */ = {isa = PBXFileReference; explicitFileType = undefined; fileEncoding = 4; includeInIndex = 0; lastKnownFileType = sourcecode.c.objc; name = CDVAdMobPlugin.m; path = "cordova-plugin-admobpro/CDVAdMobPlugin.m"; sourceTree = "<group>"; };
		5A2247B6B82B4F14BE90CB01 /* SKProduct+LocalizedPrice.m */ = {isa = PBXFileReference; explicitFileType = undefined; fileEncoding = 4; includeInIndex = 0; lastKnownFileType = sourcecode.c.objc; name = "SKProduct+LocalizedPrice.m"; path = "cc.fovea.cordova.purchase/SKProduct+LocalizedPrice.m"; sourceTree = "<group>"; };
		5B6515390CE34C8F931D0D11 /* CDVPluginExt.m */ = {isa = PBXFileReference; explicitFileType = undefined; fileEncoding = 4; includeInIndex = 0; lastKnownFileType = sourcecode.c.objc; name = CDVPluginExt.m; path = "cordova-plugin-extension/CDVPluginExt.m"; sourceTree = "<group>"; };
		5F3988D301E34E479AD43608 /* CoreMedia.framework */ = {isa = PBXFileReference; explicitFileType = undefined; fileEncoding = 9; includeInIndex = 0; lastKnownFileType = wrapper.framework; name = CoreMedia.framework; path = System/Library/Frameworks/CoreMedia.framework; sourceTree = SDKROOT; };
		62B00308BEF64D949B7BAB24 /* FileUtility.h */ = {isa = PBXFileReference; explicitFileType = undefined; fileEncoding = 4; includeInIndex = 0; lastKnownFileType = sourcecode.c.h; name = FileUtility.h; path = cc.fovea.cordova.purchase/FileUtility.h; sourceTree = "<group>"; };
		6598A1C342C14A30ADB275CD /* CoreTelephony.framework */ = {isa = PBXFileReference; explicitFileType = undefined; fileEncoding = 9; includeInIndex = 0; lastKnownFileType = wrapper.framework; name = CoreTelephony.framework; path = System/Library/Frameworks/CoreTelephony.framework; sourceTree = SDKROOT; };
		65EF6FAA1AFA46368B10B120 /* EventKitUI.framework */ = {isa = PBXFileReference; explicitFileType = undefined; fileEncoding = 9; includeInIndex = 0; lastKnownFileType = wrapper.framework; name = EventKitUI.framework; path = System/Library/Frameworks/EventKitUI.framework; sourceTree = SDKROOT; };
		66CBAB773D814CEE8A932EE6 /* EventKit.framework */ = {isa = PBXFileReference; explicitFileType = undefined; fileEncoding = 9; includeInIndex = 0; lastKnownFileType = wrapper.framework; name = EventKit.framework; path = System/Library/Frameworks/EventKit.framework; sourceTree = SDKROOT; };
		6AFF5BF81D6E424B00AB3073 /* CDVLaunchScreen.storyboard */ = {isa = PBXFileReference; fileEncoding = 4; lastKnownFileType = file.storyboard; name = CDVLaunchScreen.storyboard; path = "VGC Damage Calculator/CDVLaunchScreen.storyboard"; sourceTree = SOURCE_ROOT; };
		712DA62AADD342B4864982CA /* PluginAdapterDelegate.h */ = {isa = PBXFileReference; explicitFileType = undefined; fileEncoding = 4; includeInIndex = 0; lastKnownFileType = sourcecode.c.h; name = PluginAdapterDelegate.h; path = "cordova-plugin-extension/PluginAdapterDelegate.h"; sourceTree = "<group>"; };
		7DB334AF633D4F6DB7BEB20C /* SystemConfiguration.framework */ = {isa = PBXFileReference; explicitFileType = undefined; fileEncoding = 9; includeInIndex = 0; lastKnownFileType = wrapper.framework; name = SystemConfiguration.framework; path = System/Library/Frameworks/SystemConfiguration.framework; sourceTree = SDKROOT; };
		7E1A53F0B2F7418B9A9C41BC /* CoreVideo.framework */ = {isa = PBXFileReference; explicitFileType = undefined; fileEncoding = 9; includeInIndex = 0; lastKnownFileType = wrapper.framework; name = CoreVideo.framework; path = System/Library/Frameworks/CoreVideo.framework; sourceTree = SDKROOT; };
		84B22E5E49B348A58F695A74 /* Foundation.framework */ = {isa = PBXFileReference; explicitFileType = undefined; fileEncoding = 9; includeInIndex = 0; lastKnownFileType = wrapper.framework; name = Foundation.framework; path = System/Library/Frameworks/Foundation.framework; sourceTree = SDKROOT; };
		86B8EA03129F464883661BCF /* AVFoundation.framework */ = {isa = PBXFileReference; explicitFileType = undefined; fileEncoding = 9; includeInIndex = 0; lastKnownFileType = wrapper.framework; name = AVFoundation.framework; path = System/Library/Frameworks/AVFoundation.framework; sourceTree = SDKROOT; };
		8981B17C9B1B41E2AA917F1E /* GoogleMobileAds.framework */ = {isa = PBXFileReference; explicitFileType = undefined; fileEncoding = 9; includeInIndex = 0; lastKnownFileType = wrapper.framework; name = GoogleMobileAds.framework; path = "VGC Damage Calculator/Plugins/cordova-plugin-admobpro/GoogleMobileAds.framework"; sourceTree = "<group>"; };
		8A244A90110E4F938C095157 /* UIKit.framework */ = {isa = PBXFileReference; explicitFileType = undefined; fileEncoding = 9; includeInIndex = 0; lastKnownFileType = wrapper.framework; name = UIKit.framework; path = System/Library/Frameworks/UIKit.framework; sourceTree = SDKROOT; };
		8D1107310486CEB800E47090 /* VGC Damage Calculator-Info.plist */ = {isa = PBXFileReference; fileEncoding = 4; lastKnownFileType = text.plist.xml; name = "VGC Damage Calculator-Info.plist"; path = "VGC Damage Calculator/VGC Damage Calculator-Info.plist"; plistStructureDefinitionIdentifier = "com.apple.xcode.plist.structure-definition.iphone.info-plist"; sourceTree = SOURCE_ROOT; };
		945992FFFE5E4074843FF11C /* CFNetwork.framework */ = {isa = PBXFileReference; explicitFileType = undefined; fileEncoding = 9; includeInIndex = 0; lastKnownFileType = wrapper.framework; name = CFNetwork.framework; path = System/Library/Frameworks/CFNetwork.framework; sourceTree = SDKROOT; };
		A0AA6AE93FD14480943598E9 /* InAppPurchase.h */ = {isa = PBXFileReference; explicitFileType = undefined; fileEncoding = 4; includeInIndex = 0; lastKnownFileType = sourcecode.c.h; name = InAppPurchase.h; path = cc.fovea.cordova.purchase/InAppPurchase.h; sourceTree = "<group>"; };
		A1117455A27D47E790021350 /* StoreKit.framework */ = {isa = PBXFileReference; explicitFileType = undefined; fileEncoding = 9; includeInIndex = 0; lastKnownFileType = wrapper.framework; name = StoreKit.framework; path = System/Library/Frameworks/StoreKit.framework; sourceTree = SDKROOT; };
		A226806BC37D488FA9DF2482 /* CDVAdMobPlugin.h */ = {isa = PBXFileReference; explicitFileType = undefined; fileEncoding = 4; includeInIndex = 0; lastKnownFileType = sourcecode.c.h; name = CDVAdMobPlugin.h; path = "cordova-plugin-admobpro/CDVAdMobPlugin.h"; sourceTree = "<group>"; };
		AE3041634CC74F8F8D139994 /* AdMobMediation.m */ = {isa = PBXFileReference; explicitFileType = undefined; fileEncoding = 4; includeInIndex = 0; lastKnownFileType = sourcecode.c.objc; name = AdMobMediation.m; path = "cordova-plugin-admobpro/AdMobMediation.m"; sourceTree = "<group>"; };
		BAC6B1B20F81478E90EA0972 /* GLKit.framework */ = {isa = PBXFileReference; explicitFileType = undefined; fileEncoding = 9; includeInIndex = 0; lastKnownFileType = wrapper.framework; name = GLKit.framework; path = System/Library/Frameworks/GLKit.framework; sourceTree = SDKROOT; };
		BBE4223DBD4041308717CC50 /* AdMobMediation.h */ = {isa = PBXFileReference; explicitFileType = undefined; fileEncoding = 4; includeInIndex = 0; lastKnownFileType = sourcecode.c.h; name = AdMobMediation.h; path = "cordova-plugin-admobpro/AdMobMediation.h"; sourceTree = "<group>"; };
		BEA19F9D35A7475CB3AC7BC4 /* AdSupport.framework */ = {isa = PBXFileReference; explicitFileType = undefined; fileEncoding = 9; includeInIndex = 0; lastKnownFileType = wrapper.framework; name = AdSupport.framework; path = System/Library/Frameworks/AdSupport.framework; sourceTree = SDKROOT; };
		D252176C81AC4F2B9CFCEC3E /* AudioToolbox.framework */ = {isa = PBXFileReference; explicitFileType = undefined; fileEncoding = 9; includeInIndex = 0; lastKnownFileType = wrapper.framework; name = AudioToolbox.framework; path = System/Library/Frameworks/AudioToolbox.framework; sourceTree = SDKROOT; };
		D4E4A0DEDA0744378018C443 /* InAppPurchase.m */ = {isa = PBXFileReference; explicitFileType = undefined; fileEncoding = 4; includeInIndex = 0; lastKnownFileType = sourcecode.c.objc; name = InAppPurchase.m; path = cc.fovea.cordova.purchase/InAppPurchase.m; sourceTree = "<group>"; };
		DD025F5C333F4A81816E2347 /* SKProduct+LocalizedPrice.h */ = {isa = PBXFileReference; explicitFileType = undefined; fileEncoding = 4; includeInIndex = 0; lastKnownFileType = sourcecode.c.h; name = "SKProduct+LocalizedPrice.h"; path = "cc.fovea.cordova.purchase/SKProduct+LocalizedPrice.h"; sourceTree = "<group>"; };
		DD407B07BBA449F29DF4E421 /* GenericAdPlugin.h */ = {isa = PBXFileReference; explicitFileType = undefined; fileEncoding = 4; includeInIndex = 0; lastKnownFileType = sourcecode.c.h; name = GenericAdPlugin.h; path = "cordova-plugin-extension/GenericAdPlugin.h"; sourceTree = "<group>"; };
		E16C8C531D794978910D8BB6 /* libCordovaGenericAd.a */ = {isa = PBXFileReference; explicitFileType = undefined; fileEncoding = 9; includeInIndex = 0; lastKnownFileType = archive.ar; name = libCordovaGenericAd.a; path = "VGC Damage Calculator/Plugins/cordova-plugin-extension/libCordovaGenericAd.a"; sourceTree = "<group>"; };
		EB87FDF31871DA8E0020F90C /* www */ = {isa = PBXFileReference; lastKnownFileType = folder; name = www; path = ../../www; sourceTree = "<group>"; };
		EB87FDF41871DAF40020F90C /* config.xml */ = {isa = PBXFileReference; lastKnownFileType = text.xml; name = config.xml; path = ../../config.xml; sourceTree = "<group>"; };
		ED33DF2A687741AEAF9F8254 /* Bridging-Header.h */ = {isa = PBXFileReference; fileEncoding = 4; lastKnownFileType = sourcecode.c.h; path = "Bridging-Header.h"; sourceTree = "<group>"; };
		EF4C567987D645F9AA64E8BC /* CoreMotion.framework */ = {isa = PBXFileReference; explicitFileType = undefined; fileEncoding = 9; includeInIndex = 0; lastKnownFileType = wrapper.framework; name = CoreMotion.framework; path = System/Library/Frameworks/CoreMotion.framework; sourceTree = SDKROOT; };
		F840E1F0165FE0F500CFE078 /* config.xml */ = {isa = PBXFileReference; lastKnownFileType = text.xml; name = config.xml; path = "VGC Damage Calculator/config.xml"; sourceTree = "<group>"; };
/* End PBXFileReference section */

/* Begin PBXFrameworksBuildPhase section */
		1D60588F0D05DD3D006BFB54 /* Frameworks */ = {
			isa = PBXFrameworksBuildPhase;
			buildActionMask = 2147483647;
			files = (
				301BF552109A68D80062928A /* libCordova.a in Frameworks */,
				53C53C66C1704E95A56A9910 /* StoreKit.framework in Frameworks */,
				3F18E53127CB4AF19B065428 /* libCordovaGenericAd.a in Frameworks */,
				310CF11FE0994183917C6666 /* CFNetwork.framework in Frameworks */,
				D8AC3BDD66924D41A5EC4D76 /* GoogleMobileAds.framework in Frameworks */,
				87F10B707A99463895F017D7 /* AdSupport.framework in Frameworks */,
				6DFE9D2AB1B846E79C4BFC3F /* AudioToolbox.framework in Frameworks */,
				7C7C09FC56074040A42AF72C /* AVFoundation.framework in Frameworks */,
				532C3E80452E4D0FA3F4540B /* CoreBluetooth.framework in Frameworks */,
				F2407B61DAA94FC0B45D64A4 /* CoreLocation.framework in Frameworks */,
				4EBC4DF3212C4EB6B6E05F67 /* CoreMedia.framework in Frameworks */,
				F0984B6378D9475F9D12A6A8 /* CoreMotion.framework in Frameworks */,
				689B609F90634559AC84BD4E /* CoreTelephony.framework in Frameworks */,
				3AF21E069AFC463E81ACE95C /* CoreVideo.framework in Frameworks */,
				4C9A9E21D7C04E0CA68EE2E6 /* EventKit.framework in Frameworks */,
				EAA5979359864D9AB6AA41CE /* EventKitUI.framework in Frameworks */,
				BFAA296C95D646DF909DB752 /* Foundation.framework in Frameworks */,
				CB0157B796774C6D9D8007CB /* GLKit.framework in Frameworks */,
				C048A0F1454F4E48A725D450 /* MediaPlayer.framework in Frameworks */,
				31EB8973C3274FD7AC3A45D6 /* MessageUI.framework in Frameworks */,
				5BAFF0187034476A8987919A /* OpenGLES.framework in Frameworks */,
				A9F57DD2AA4F41D6A4BF54C0 /* SafariServices.framework in Frameworks */,
				9B48D577FD404FC0A8C68A8B /* SystemConfiguration.framework in Frameworks */,
				67DDEE1AFEBF4E739A510E31 /* UIKit.framework in Frameworks */,
			);
			runOnlyForDeploymentPostprocessing = 0;
		};
/* End PBXFrameworksBuildPhase section */

/* Begin PBXGroup section */
		080E96DDFE201D6D7F000001 /* Classes */ = {
			isa = PBXGroup;
			children = (
				302D95EE14D2391D003F00A1 /* MainViewController.h */,
				302D95EF14D2391D003F00A1 /* MainViewController.m */,
				302D95F014D2391D003F00A1 /* MainViewController.xib */,
				1D3623240D0F684500981E51 /* AppDelegate.h */,
				1D3623250D0F684500981E51 /* AppDelegate.m */,
			);
			name = Classes;
			path = "VGC Damage Calculator/Classes";
			sourceTree = SOURCE_ROOT;
		};
		19C28FACFE9D520D11CA2CBB /* Products */ = {
			isa = PBXGroup;
			children = (
				1D6058910D05DD3D006BFB54 /* VGC Damage Calculator.app */,
			);
			name = Products;
			sourceTree = "<group>";
		};
		29B97314FDCFA39411CA2CEA /* CustomTemplate */ = {
			isa = PBXGroup;
			children = (
				EB87FDF41871DAF40020F90C /* config.xml */,
				EB87FDF31871DA8E0020F90C /* www */,
				EB87FDF11871DA420020F90C /* Staging */,
				301BF52D109A57CC0062928A /* CordovaLib/CordovaLib.xcodeproj */,
				080E96DDFE201D6D7F000001 /* Classes */,
				307C750510C5A3420062BCA9 /* Plugins */,
				29B97315FDCFA39411CA2CEA /* Other Sources */,
				29B97317FDCFA39411CA2CEA /* Resources */,
				29B97323FDCFA39411CA2CEA /* Frameworks */,
				19C28FACFE9D520D11CA2CBB /* Products */,
			);
			name = CustomTemplate;
			sourceTree = "<group>";
		};
		29B97315FDCFA39411CA2CEA /* Other Sources */ = {
			isa = PBXGroup;
			children = (
				32CA4F630368D1EE00C91783 /* VGC Damage Calculator-Prefix.pch */,
				29B97316FDCFA39411CA2CEA /* main.m */,
				ED33DF2A687741AEAF9F8254 /* Bridging-Header.h */,
			);
			name = "Other Sources";
			path = "VGC Damage Calculator";
			sourceTree = "<group>";
		};
		29B97317FDCFA39411CA2CEA /* Resources */ = {
			isa = PBXGroup;
			children = (
				0207DA571B56EA530066E2B4 /* Images.xcassets */,
				3047A50E1AB8057F00498E2A /* config */,
				8D1107310486CEB800E47090 /* VGC Damage Calculator-Info.plist */,
				6AFF5BF81D6E424B00AB3073 /* CDVLaunchScreen.storyboard */,
			);
			name = Resources;
			path = "VGC Damage Calculator/Resources";
			sourceTree = "<group>";
		};
		29B97323FDCFA39411CA2CEA /* Frameworks */ = {
			isa = PBXGroup;
			children = (
				A1117455A27D47E790021350 /* StoreKit.framework */,
				E16C8C531D794978910D8BB6 /* libCordovaGenericAd.a */,
				945992FFFE5E4074843FF11C /* CFNetwork.framework */,
				8981B17C9B1B41E2AA917F1E /* GoogleMobileAds.framework */,
				BEA19F9D35A7475CB3AC7BC4 /* AdSupport.framework */,
				D252176C81AC4F2B9CFCEC3E /* AudioToolbox.framework */,
				86B8EA03129F464883661BCF /* AVFoundation.framework */,
				0CC80E8DCDD64EB8AE14E9EA /* CoreBluetooth.framework */,
				10CD9598B4504674A7C248D7 /* CoreLocation.framework */,
				5F3988D301E34E479AD43608 /* CoreMedia.framework */,
				EF4C567987D645F9AA64E8BC /* CoreMotion.framework */,
				6598A1C342C14A30ADB275CD /* CoreTelephony.framework */,
				7E1A53F0B2F7418B9A9C41BC /* CoreVideo.framework */,
				66CBAB773D814CEE8A932EE6 /* EventKit.framework */,
				65EF6FAA1AFA46368B10B120 /* EventKitUI.framework */,
				84B22E5E49B348A58F695A74 /* Foundation.framework */,
				BAC6B1B20F81478E90EA0972 /* GLKit.framework */,
				3411D8D41A78411A80B6F1DD /* MediaPlayer.framework */,
				294000F184844837850E23E9 /* MessageUI.framework */,
				350E6CF6231244A684DE846E /* OpenGLES.framework */,
				21C955440EEA4360877BC1F4 /* SafariServices.framework */,
				7DB334AF633D4F6DB7BEB20C /* SystemConfiguration.framework */,
				8A244A90110E4F938C095157 /* UIKit.framework */,
			);
			name = Frameworks;
			sourceTree = "<group>";
		};
		301BF52E109A57CC0062928A /* Products */ = {
			isa = PBXGroup;
			children = (
				301BF535109A57CC0062928A /* libCordova.a */,
				0D81A6E81FB41EE200A3CAD2 /* Cordova.framework */,
			);
			name = Products;
			sourceTree = "<group>";
		};
		3047A50E1AB8057F00498E2A /* config */ = {
			isa = PBXGroup;
			children = (
				3047A50F1AB8059700498E2A /* build-debug.xcconfig */,
				3047A5101AB8059700498E2A /* build-release.xcconfig */,
				3047A5111AB8059700498E2A /* build.xcconfig */,
			);
			name = config;
			sourceTree = "<group>";
		};
		307C750510C5A3420062BCA9 /* Plugins */ = {
			isa = PBXGroup;
			children = (
				D4E4A0DEDA0744378018C443 /* InAppPurchase.m */,
				5A2247B6B82B4F14BE90CB01 /* SKProduct+LocalizedPrice.m */,
				1D418475951D4FFAA302FE2F /* FileUtility.m */,
				A0AA6AE93FD14480943598E9 /* InAppPurchase.h */,
				DD025F5C333F4A81816E2347 /* SKProduct+LocalizedPrice.h */,
				62B00308BEF64D949B7BAB24 /* FileUtility.h */,
				5B6515390CE34C8F931D0D11 /* CDVPluginExt.m */,
				712DA62AADD342B4864982CA /* PluginAdapterDelegate.h */,
				29F61CB1C9D8495380F532C3 /* CDVPluginExt.h */,
				DD407B07BBA449F29DF4E421 /* GenericAdPlugin.h */,
				3C2CCDF103EF4A9EADAA254B /* CDVAdMobPlugin.m */,
				AE3041634CC74F8F8D139994 /* AdMobMediation.m */,
				A226806BC37D488FA9DF2482 /* CDVAdMobPlugin.h */,
				BBE4223DBD4041308717CC50 /* AdMobMediation.h */,
			);
			name = Plugins;
			path = "VGC Damage Calculator/Plugins";
			sourceTree = SOURCE_ROOT;
		};
		EB87FDF11871DA420020F90C /* Staging */ = {
			isa = PBXGroup;
			children = (
				F840E1F0165FE0F500CFE078 /* config.xml */,
				301BF56E109A69640062928A /* www */,
			);
			name = Staging;
			sourceTree = "<group>";
		};
/* End PBXGroup section */

/* Begin PBXNativeTarget section */
		1D6058900D05DD3D006BFB54 /* VGC Damage Calculator */ = {
			isa = PBXNativeTarget;
			buildConfigurationList = 1D6058960D05DD3E006BFB54 /* Build configuration list for PBXNativeTarget "VGC Damage Calculator" */;
			buildPhases = (
				304B58A110DAC018002A0835 /* Copy www directory */,
				1D60588D0D05DD3D006BFB54 /* Resources */,
				1D60588E0D05DD3D006BFB54 /* Sources */,
				1D60588F0D05DD3D006BFB54 /* Frameworks */,
			);
			buildRules = (
			);
			dependencies = (
				301BF551109A68C00062928A /* PBXTargetDependency */,
			);
			name = "VGC Damage Calculator";
			productName = "VGC Damage Calculator";
			productReference = 1D6058910D05DD3D006BFB54 /* VGC Damage Calculator.app */;
			productType = "com.apple.product-type.application";
		};
/* End PBXNativeTarget section */

/* Begin PBXProject section */
		29B97313FDCFA39411CA2CEA /* Project object */ = {
			isa = PBXProject;
			attributes = {
				LastUpgradeCheck = 0730;
				TargetAttributes = {
					1D6058900D05DD3D006BFB54 = {
						DevelopmentTeam = Y5R5R3NDG2;
					};
				};
			};
			buildConfigurationList = C01FCF4E08A954540054247B /* Build configuration list for PBXProject "VGC Damage Calculator" */;
			compatibilityVersion = "Xcode 3.2";
			developmentRegion = English;
			hasScannedForEncodings = 1;
			knownRegions = (
				en,
			);
			mainGroup = 29B97314FDCFA39411CA2CEA /* CustomTemplate */;
			projectDirPath = "";
			projectReferences = (
				{
					ProductGroup = 301BF52E109A57CC0062928A /* Products */;
					ProjectRef = 301BF52D109A57CC0062928A /* CordovaLib/CordovaLib.xcodeproj */;
				},
			);
			projectRoot = "";
			targets = (
				1D6058900D05DD3D006BFB54 /* VGC Damage Calculator */,
			);
		};
/* End PBXProject section */

/* Begin PBXReferenceProxy section */
		0D81A6E81FB41EE200A3CAD2 /* Cordova.framework */ = {
			isa = PBXReferenceProxy;
			fileType = wrapper.framework;
			path = Cordova.framework;
			remoteRef = 0D81A6E71FB41EE200A3CAD2 /* PBXContainerItemProxy */;
			sourceTree = BUILT_PRODUCTS_DIR;
		};
		301BF535109A57CC0062928A /* libCordova.a */ = {
			isa = PBXReferenceProxy;
			fileType = archive.ar;
			path = libCordova.a;
			remoteRef = 301BF534109A57CC0062928A /* PBXContainerItemProxy */;
			sourceTree = BUILT_PRODUCTS_DIR;
		};
/* End PBXReferenceProxy section */

/* Begin PBXResourcesBuildPhase section */
		1D60588D0D05DD3D006BFB54 /* Resources */ = {
			isa = PBXResourcesBuildPhase;
			buildActionMask = 2147483647;
			files = (
				302D95F214D2391D003F00A1 /* MainViewController.xib in Resources */,
				0207DA581B56EA530066E2B4 /* Images.xcassets in Resources */,
				6AFF5BF91D6E424B00AB3073 /* CDVLaunchScreen.storyboard in Resources */,
			);
			runOnlyForDeploymentPostprocessing = 0;
		};
/* End PBXResourcesBuildPhase section */

/* Begin PBXShellScriptBuildPhase section */
		304B58A110DAC018002A0835 /* Copy www directory */ = {
			isa = PBXShellScriptBuildPhase;
			buildActionMask = 2147483647;
			files = (
			);
			inputPaths = (
			);
			name = "Copy www directory";
			outputPaths = (
			);
			runOnlyForDeploymentPostprocessing = 0;
			shellPath = /bin/sh;
			shellScript = "NODEJS_PATH=/usr/local/bin; NVM_NODE_PATH=~/.nvm/versions/node/`nvm version 2>/dev/null`/bin; N_NODE_PATH=`find /usr/local/n/versions/node/* -maxdepth 0 -type d 2>/dev/null | tail -1`/bin; XCODE_NODE_PATH=`xcode-select --print-path`/usr/share/xcs/Node/bin; PATH=$NODEJS_PATH:$NVM_NODE_PATH:$N_NODE_PATH:$XCODE_NODE_PATH:$PATH && node cordova/lib/copy-www-build-step.js";
			showEnvVarsInLog = 0;
		};
/* End PBXShellScriptBuildPhase section */

/* Begin PBXSourcesBuildPhase section */
		1D60588E0D05DD3D006BFB54 /* Sources */ = {
			isa = PBXSourcesBuildPhase;
			buildActionMask = 2147483647;
			files = (
				1D60589B0D05DD56006BFB54 /* main.m in Sources */,
				1D3623260D0F684500981E51 /* AppDelegate.m in Sources */,
				302D95F114D2391D003F00A1 /* MainViewController.m in Sources */,
				281C15CD3C054F84828F3DC1 /* InAppPurchase.m in Sources */,
				2D4560B7B37B4109AFFA43BB /* SKProduct+LocalizedPrice.m in Sources */,
				31A73BEDA533432D8E46719B /* FileUtility.m in Sources */,
				22212FF06FEB4CD388AA8671 /* CDVPluginExt.m in Sources */,
				E0B2CDE17DEB495BB027C47D /* CDVAdMobPlugin.m in Sources */,
				3EF9F24543CC450B991F3BEF /* AdMobMediation.m in Sources */,
			);
			runOnlyForDeploymentPostprocessing = 0;
		};
/* End PBXSourcesBuildPhase section */

/* Begin PBXTargetDependency section */
		301BF551109A68C00062928A /* PBXTargetDependency */ = {
			isa = PBXTargetDependency;
			name = CordovaLib;
			targetProxy = 301BF550109A68C00062928A /* PBXContainerItemProxy */;
		};
/* End PBXTargetDependency section */

/* Begin XCBuildConfiguration section */
		0D81A6E91FB429A500A3CAD2 /* AdHoc Distribution */ = {
			isa = XCBuildConfiguration;
			baseConfigurationReference = 3047A5111AB8059700498E2A /* build.xcconfig */;
			buildSettings = {
				CLANG_ENABLE_MODULES = YES;
				CLANG_ENABLE_OBJC_ARC = YES;
				CLANG_WARN_BOOL_CONVERSION = YES;
				CLANG_WARN_CONSTANT_CONVERSION = YES;
				CLANG_WARN_EMPTY_BODY = YES;
				CLANG_WARN_ENUM_CONVERSION = YES;
				CLANG_WARN_INT_CONVERSION = YES;
				CLANG_WARN__DUPLICATE_METHOD_MATCH = YES;
				CODE_SIGN_IDENTITY = "iPhone Distribution: Jake White (Y5R5R3NDG2)";
				GCC_C_LANGUAGE_STANDARD = c99;
				GCC_THUMB_SUPPORT = NO;
				GCC_VERSION = "";
				GCC_WARN_ABOUT_RETURN_TYPE = YES;
				GCC_WARN_UNDECLARED_SELECTOR = YES;
				GCC_WARN_UNINITIALIZED_AUTOS = YES;
				GCC_WARN_UNUSED_FUNCTION = YES;
				GCC_WARN_UNUSED_VARIABLE = YES;
				SDKROOT = iphoneos;
				SKIP_INSTALL = NO;
			};
			name = "AdHoc Distribution";
		};
		0D81A6EA1FB429A500A3CAD2 /* AdHoc Distribution */ = {
			isa = XCBuildConfiguration;
			baseConfigurationReference = 3047A5101AB8059700498E2A /* build-release.xcconfig */;
			buildSettings = {
				ALWAYS_SEARCH_USER_PATHS = NO;
				ASSETCATALOG_COMPILER_APPICON_NAME = AppIcon;
				ASSETCATALOG_COMPILER_LAUNCHIMAGE_NAME = LaunchImage;
				CLANG_ENABLE_MODULES = YES;
				CLANG_ENABLE_OBJC_ARC = YES;
				CODE_SIGN_IDENTITY = "iPhone Distribution: Jake White (Y5R5R3NDG2)";
				"CODE_SIGN_IDENTITY[sdk=iphoneos*]" = "iPhone Developer";
				COPY_PHASE_STRIP = YES;
				FRAMEWORK_SEARCH_PATHS = (
					"$(inherited)",
					"\"VGC Damage Calculator/Plugins/cordova-plugin-admobpro\"",
				);
				GCC_PRECOMPILE_PREFIX_HEADER = YES;
				GCC_PREFIX_HEADER = "VGC Damage Calculator/VGC Damage Calculator-Prefix.pch";
				GCC_THUMB_SUPPORT = NO;
				GCC_VERSION = "";
				INFOPLIST_FILE = "VGC Damage Calculator/VGC Damage Calculator-Info.plist";
				IPHONEOS_DEPLOYMENT_TARGET = 9.0;
				LD_RUNPATH_SEARCH_PATHS = "@executable_path/Frameworks";
				LIBRARY_SEARCH_PATHS = (
					"$(inherited)",
					"\"$(SRCROOT)/VGC Damage Calculator/Plugins/cordova-plugin-extension\"",
				);
				PRODUCT_BUNDLE_IDENTIFIER = whitejaa.calc;
				PRODUCT_NAME = "VGC Damage Calculator";
				PROVISIONING_PROFILE = "";
				TARGETED_DEVICE_FAMILY = "1,2";
			};
			name = "AdHoc Distribution";
		};
		1D6058940D05DD3E006BFB54 /* Debug */ = {
			isa = XCBuildConfiguration;
			baseConfigurationReference = 3047A50F1AB8059700498E2A /* build-debug.xcconfig */;
			buildSettings = {
				ALWAYS_SEARCH_USER_PATHS = NO;
				ASSETCATALOG_COMPILER_APPICON_NAME = AppIcon;
				ASSETCATALOG_COMPILER_LAUNCHIMAGE_NAME = LaunchImage;
				CLANG_ENABLE_MODULES = YES;
				CLANG_ENABLE_OBJC_ARC = YES;
				CODE_SIGN_IDENTITY = "iPhone Distribution: Jake White (Y5R5R3NDG2)";
				"CODE_SIGN_IDENTITY[sdk=iphoneos*]" = "iPhone Developer";
				COPY_PHASE_STRIP = NO;
				FRAMEWORK_SEARCH_PATHS = (
					"$(inherited)",
					"\"VGC Damage Calculator/Plugins/cordova-plugin-admobpro\"",
				);
				GCC_DYNAMIC_NO_PIC = NO;
				GCC_OPTIMIZATION_LEVEL = 0;
				GCC_PRECOMPILE_PREFIX_HEADER = YES;
				GCC_PREFIX_HEADER = "VGC Damage Calculator/VGC Damage Calculator-Prefix.pch";
				GCC_THUMB_SUPPORT = NO;
				GCC_VERSION = "";
				INFOPLIST_FILE = "VGC Damage Calculator/VGC Damage Calculator-Info.plist";
				IPHONEOS_DEPLOYMENT_TARGET = 9.0;
				LD_RUNPATH_SEARCH_PATHS = "@executable_path/Frameworks";
				LIBRARY_SEARCH_PATHS = (
					"$(inherited)",
					"\"$(SRCROOT)/VGC Damage Calculator/Plugins/cordova-plugin-extension\"",
				);
				PRODUCT_BUNDLE_IDENTIFIER = whitejaa.calc;
				PRODUCT_NAME = "VGC Damage Calculator";
				PROVISIONING_PROFILE = "";
				TARGETED_DEVICE_FAMILY = "1,2";
			};
			name = Debug;
		};
		1D6058950D05DD3E006BFB54 /* Release */ = {
			isa = XCBuildConfiguration;
			baseConfigurationReference = 3047A5101AB8059700498E2A /* build-release.xcconfig */;
			buildSettings = {
				ALWAYS_SEARCH_USER_PATHS = NO;
				ASSETCATALOG_COMPILER_APPICON_NAME = AppIcon;
				ASSETCATALOG_COMPILER_LAUNCHIMAGE_NAME = LaunchImage;
				CLANG_ENABLE_MODULES = YES;
				CLANG_ENABLE_OBJC_ARC = YES;
				CODE_SIGN_IDENTITY = "iPhone Distribution: Jake White (Y5R5R3NDG2)";
				"CODE_SIGN_IDENTITY[sdk=iphoneos*]" = "iPhone Developer";
				COPY_PHASE_STRIP = YES;
				FRAMEWORK_SEARCH_PATHS = (
					"$(inherited)",
					"\"VGC Damage Calculator/Plugins/cordova-plugin-admobpro\"",
				);
				GCC_PRECOMPILE_PREFIX_HEADER = YES;
				GCC_PREFIX_HEADER = "VGC Damage Calculator/VGC Damage Calculator-Prefix.pch";
				GCC_THUMB_SUPPORT = NO;
				GCC_VERSION = "";
				INFOPLIST_FILE = "VGC Damage Calculator/VGC Damage Calculator-Info.plist";
				IPHONEOS_DEPLOYMENT_TARGET = 9.0;
				LD_RUNPATH_SEARCH_PATHS = "@executable_path/Frameworks";
				LIBRARY_SEARCH_PATHS = (
					"$(inherited)",
					"\"$(SRCROOT)/VGC Damage Calculator/Plugins/cordova-plugin-extension\"",
				);
				PRODUCT_BUNDLE_IDENTIFIER = whitejaa.calc;
				PRODUCT_NAME = "VGC Damage Calculator";
				PROVISIONING_PROFILE = "";
				TARGETED_DEVICE_FAMILY = "1,2";
			};
			name = Release;
		};
		C01FCF4F08A954540054247B /* Debug */ = {
			isa = XCBuildConfiguration;
			baseConfigurationReference = 3047A5111AB8059700498E2A /* build.xcconfig */;
			buildSettings = {
				CLANG_ENABLE_MODULES = YES;
				CLANG_ENABLE_OBJC_ARC = YES;
				CLANG_WARN_BOOL_CONVERSION = YES;
				CLANG_WARN_CONSTANT_CONVERSION = YES;
				CLANG_WARN_EMPTY_BODY = YES;
				CLANG_WARN_ENUM_CONVERSION = YES;
				CLANG_WARN_INT_CONVERSION = YES;
				CLANG_WARN__DUPLICATE_METHOD_MATCH = YES;
				CODE_SIGN_IDENTITY = "iPhone Distribution: Jake White (Y5R5R3NDG2)";
				ENABLE_TESTABILITY = YES;
				GCC_C_LANGUAGE_STANDARD = c99;
				GCC_THUMB_SUPPORT = NO;
				GCC_VERSION = "";
				GCC_WARN_ABOUT_RETURN_TYPE = YES;
				GCC_WARN_UNDECLARED_SELECTOR = YES;
				GCC_WARN_UNINITIALIZED_AUTOS = YES;
				GCC_WARN_UNUSED_FUNCTION = YES;
				GCC_WARN_UNUSED_VARIABLE = YES;
				ONLY_ACTIVE_ARCH = YES;
				SDKROOT = iphoneos;
				SKIP_INSTALL = NO;
			};
			name = Debug;
		};
		C01FCF5008A954540054247B /* Release */ = {
			isa = XCBuildConfiguration;
			baseConfigurationReference = 3047A5111AB8059700498E2A /* build.xcconfig */;
			buildSettings = {
				CLANG_ENABLE_MODULES = YES;
				CLANG_ENABLE_OBJC_ARC = YES;
				CLANG_WARN_BOOL_CONVERSION = YES;
				CLANG_WARN_CONSTANT_CONVERSION = YES;
				CLANG_WARN_EMPTY_BODY = YES;
				CLANG_WARN_ENUM_CONVERSION = YES;
				CLANG_WARN_INT_CONVERSION = YES;
				CLANG_WARN__DUPLICATE_METHOD_MATCH = YES;
				CODE_SIGN_IDENTITY = "iPhone Distribution: Jake White (Y5R5R3NDG2)";
				GCC_C_LANGUAGE_STANDARD = c99;
				GCC_THUMB_SUPPORT = NO;
				GCC_VERSION = "";
				GCC_WARN_ABOUT_RETURN_TYPE = YES;
				GCC_WARN_UNDECLARED_SELECTOR = YES;
				GCC_WARN_UNINITIALIZED_AUTOS = YES;
				GCC_WARN_UNUSED_FUNCTION = YES;
				GCC_WARN_UNUSED_VARIABLE = YES;
				SDKROOT = iphoneos;
				SKIP_INSTALL = NO;
			};
			name = Release;
		};
/* End XCBuildConfiguration section */

/* Begin XCConfigurationList section */
		1D6058960D05DD3E006BFB54 /* Build configuration list for PBXNativeTarget "VGC Damage Calculator" */ = {
			isa = XCConfigurationList;
			buildConfigurations = (
				1D6058940D05DD3E006BFB54 /* Debug */,
				1D6058950D05DD3E006BFB54 /* Release */,
				0D81A6EA1FB429A500A3CAD2 /* AdHoc Distribution */,
			);
			defaultConfigurationIsVisible = 0;
			defaultConfigurationName = Release;
		};
		C01FCF4E08A954540054247B /* Build configuration list for PBXProject "VGC Damage Calculator" */ = {
			isa = XCConfigurationList;
			buildConfigurations = (
				C01FCF4F08A954540054247B /* Debug */,
				C01FCF5008A954540054247B /* Release */,
				0D81A6E91FB429A500A3CAD2 /* AdHoc Distribution */,
			);
			defaultConfigurationIsVisible = 0;
			defaultConfigurationName = Release;
		};
/* End XCConfigurationList section */
	};
	rootObject = 29B97313FDCFA39411CA2CEA /* Project object */;
}
